
Microsoft Visual Studio Solution File, Format Version 12.00
# Visual Studio Version 16
VisualStudioVersion = 16.0.30717.126
MinimumVisualStudioVersion = 10.0.40219.1
Project("{FAE04EC0-301F-11D3-BF4B-00C04F79EFBC}") = "CollectionDemo", "CollectionDemo\CollectionDemo.csproj", "{70FDDA0E-2D46-4D68-9BAB-705BC924C480}"
EndProject
Global
	GlobalSection(SolutionConfigurationPlatforms) = preSolution
		Debug|Any CPU = Debug|Any CPU
		Release|Any CPU = Release|Any CPU
	EndGlobalSection
	GlobalSection(ProjectConfigurationPlatforms) = postSolution
		{70FDDA0E-2D46-4D68-9BAB-705BC924C480}.Debug|Any CPU.ActiveCfg = Debug|Any CPU
		{70FDDA0E-2D46-4D68-9BAB-705BC924C480}.Debug|Any CPU.Build.0 = Debug|Any CPU
		{70FDDA0E-2D46-4D68-9BAB-705BC924C480}.Release|Any CPU.ActiveCfg = Release|Any CPU
		{70FDDA0E-2D46-4D68-9BAB-705BC924C480}.Release|Any CPU.Build.0 = Release|Any CPU
	EndGlobalSection
	GlobalSection(SolutionProperties) = preSolution
		HideSolutionNode = FALSE
	EndGlobalSection
	GlobalSection(ExtensibilityGlobals) = postSolution
		SolutionGuid = {447E54AC-CFDE-44EE-91A2-FA704A089FED}
	EndGlobalSection
EndGlobal
