
Microsoft Visual Studio Solution File, Format Version 12.00
# Visual Studio Version 16
VisualStudioVersion = 16.0.30717.126
MinimumVisualStudioVersion = 10.0.40219.1
Project("{FAE04EC0-301F-11D3-BF4B-00C04F79EFBC}") = "ArrayExamples", "ArrayExamples\ArrayExamples.csproj", "{A138BCDF-569B-44CF-972C-EAE531993799}"
EndProject
Global
	GlobalSection(SolutionConfigurationPlatforms) = preSolution
		Debug|Any CPU = Debug|Any CPU
		Release|Any CPU = Release|Any CPU
	EndGlobalSection
	GlobalSection(ProjectConfigurationPlatforms) = postSolution
		{A138BCDF-569B-44CF-972C-EAE531993799}.Debug|Any CPU.ActiveCfg = Debug|Any CPU
		{A138BCDF-569B-44CF-972C-EAE531993799}.Debug|Any CPU.Build.0 = Debug|Any CPU
		{A138BCDF-569B-44CF-972C-EAE531993799}.Release|Any CPU.ActiveCfg = Release|Any CPU
		{A138BCDF-569B-44CF-972C-EAE531993799}.Release|Any CPU.Build.0 = Release|Any CPU
	EndGlobalSection
	GlobalSection(SolutionProperties) = preSolution
		HideSolutionNode = FALSE
	EndGlobalSection
	GlobalSection(ExtensibilityGlobals) = postSolution
		SolutionGuid = {DAFE72C1-3217-422B-8390-8FF05119EA1C}
	EndGlobalSection
EndGlobal
